
Microsoft Visual Studio Solution File, Format Version 12.00
# Visual Studio 2013
VisualStudioVersion = 12.0.21005.1
MinimumVisualStudioVersion = 10.0.40219.1
Project("{FAE04EC0-301F-11D3-BF4B-00C04F79EFBC}") = "R8R.UI", "R8R.UI\R8R.UI.csproj", "{7ABB8E04-67DF-4D43-B540-3DB6EB7D44DF}"
EndProject
Project("{FAE04EC0-301F-11D3-BF4B-00C04F79EFBC}") = "R8R.Core", "R8R.Core\R8R.Core.csproj", "{6A57BDF9-90EC-48D6-9E59-E78D591D74A5}"
EndProject
Project("{FAE04EC0-301F-11D3-BF4B-00C04F79EFBC}") = "R8R.Repository", "R8R.Repository\R8R.Repository.csproj", "{722F8501-EECB-4B39-97FB-B66071407E62}"
EndProject
Project("{FAE04EC0-301F-11D3-BF4B-00C04F79EFBC}") = "R8R.Common", "R8R.Common\R8R.Common.csproj", "{E909EE72-A8D9-438C-813B-2B208437F56D}"
EndProject
Project("{FAE04EC0-301F-11D3-BF4B-00C04F79EFBC}") = "R8R.Business", "R8R.Business\R8R.Business.csproj", "{D7E2F6A7-4CCA-44D3-A2BD-913F9023BB7E}"
EndProject
Project("{FAE04EC0-301F-11D3-BF4B-00C04F79EFBC}") = "R8R.ViewModel", "R8R.ViewModel\R8R.ViewModel.csproj", "{12E0A3BF-1CB1-4283-9D33-BB3B108EB9BC}"
EndProject
Global
	GlobalSection(SolutionConfigurationPlatforms) = preSolution
		Debug|Any CPU = Debug|Any CPU
		Release|Any CPU = Release|Any CPU
	EndGlobalSection
	GlobalSection(ProjectConfigurationPlatforms) = postSolution
		{7ABB8E04-67DF-4D43-B540-3DB6EB7D44DF}.Debug|Any CPU.ActiveCfg = Debug|Any CPU
		{7ABB8E04-67DF-4D43-B540-3DB6EB7D44DF}.Debug|Any CPU.Build.0 = Debug|Any CPU
		{7ABB8E04-67DF-4D43-B540-3DB6EB7D44DF}.Release|Any CPU.ActiveCfg = Release|Any CPU
		{7ABB8E04-67DF-4D43-B540-3DB6EB7D44DF}.Release|Any CPU.Build.0 = Release|Any CPU
		{6A57BDF9-90EC-48D6-9E59-E78D591D74A5}.Debug|Any CPU.ActiveCfg = Debug|Any CPU
		{6A57BDF9-90EC-48D6-9E59-E78D591D74A5}.Debug|Any CPU.Build.0 = Debug|Any CPU
		{6A57BDF9-90EC-48D6-9E59-E78D591D74A5}.Release|Any CPU.ActiveCfg = Release|Any CPU
		{6A57BDF9-90EC-48D6-9E59-E78D591D74A5}.Release|Any CPU.Build.0 = Release|Any CPU
		{722F8501-EECB-4B39-97FB-B66071407E62}.Debug|Any CPU.ActiveCfg = Debug|Any CPU
		{722F8501-EECB-4B39-97FB-B66071407E62}.Debug|Any CPU.Build.0 = Debug|Any CPU
		{722F8501-EECB-4B39-97FB-B66071407E62}.Release|Any CPU.ActiveCfg = Release|Any CPU
		{722F8501-EECB-4B39-97FB-B66071407E62}.Release|Any CPU.Build.0 = Release|Any CPU
		{E909EE72-A8D9-438C-813B-2B208437F56D}.Debug|Any CPU.ActiveCfg = Debug|Any CPU
		{E909EE72-A8D9-438C-813B-2B208437F56D}.Debug|Any CPU.Build.0 = Debug|Any CPU
		{E909EE72-A8D9-438C-813B-2B208437F56D}.Release|Any CPU.ActiveCfg = Release|Any CPU
		{E909EE72-A8D9-438C-813B-2B208437F56D}.Release|Any CPU.Build.0 = Release|Any CPU
		{D7E2F6A7-4CCA-44D3-A2BD-913F9023BB7E}.Debug|Any CPU.ActiveCfg = Debug|Any CPU
		{D7E2F6A7-4CCA-44D3-A2BD-913F9023BB7E}.Debug|Any CPU.Build.0 = Debug|Any CPU
		{D7E2F6A7-4CCA-44D3-A2BD-913F9023BB7E}.Release|Any CPU.ActiveCfg = Release|Any CPU
		{D7E2F6A7-4CCA-44D3-A2BD-913F9023BB7E}.Release|Any CPU.Build.0 = Release|Any CPU
		{12E0A3BF-1CB1-4283-9D33-BB3B108EB9BC}.Debug|Any CPU.ActiveCfg = Debug|Any CPU
		{12E0A3BF-1CB1-4283-9D33-BB3B108EB9BC}.Debug|Any CPU.Build.0 = Debug|Any CPU
		{12E0A3BF-1CB1-4283-9D33-BB3B108EB9BC}.Release|Any CPU.ActiveCfg = Release|Any CPU
		{12E0A3BF-1CB1-4283-9D33-BB3B108EB9BC}.Release|Any CPU.Build.0 = Release|Any CPU
	EndGlobalSection
	GlobalSection(SolutionProperties) = preSolution
		HideSolutionNode = FALSE
	EndGlobalSection
EndGlobal
